Microsoft Visual Studio Solution File, Format Version 12.00
# Visual Studio Version 16
VisualStudioVersion = 16.0.0.0
MinimumVisualStudioVersion = 16.0.0.0
Project("{9A19103F-16F7-4668-BE54-9A1E7A4F7556}") = "CursusAdministratie2021.Server", "Server\CursusAdministratie2021.Server.csproj", "{ED75F1C9-3219-4040-862B-B5694B6961A5}"
EndProject
Project("{9A19103F-16F7-4668-BE54-9A1E7A4F7556}") = "CursusAdministratie2021.Client", "Client\CursusAdministratie2021.Client.csproj", "{680412CF-972E-489A-8007-7C6373E4D4AB}"
EndProject
Project("{9A19103F-16F7-4668-BE54-9A1E7A4F7556}") = "CursusAdministratie2021.Shared", "Shared\CursusAdministratie2021.Shared.csproj", "{CA596411-16B2-427D-8319-C163AAB41CC6}"
EndProject
Project("{FAE04EC0-301F-11D3-BF4B-00C04F79EFBC}") = "CursusAdministratie2021.Client.UnitTests", "CursusAdministratie2021.Client.UnitTests\CursusAdministratie2021.Client.UnitTests.csproj", "{5B4E7BCD-2E8E-4B4C-9FEE-4F086282143C}"
EndProject
Project("{FAE04EC0-301F-11D3-BF4B-00C04F79EFBC}") = "CursusAdministratie2021.Shared.UnitTests", "CursusAdministratie2021.Shared.UnitTests\CursusAdministratie2021.Shared.UnitTests.csproj", "{D4606FA5-8BAC-4D8C-8E6B-A3A52D81B159}"
EndProject
Project("{FAE04EC0-301F-11D3-BF4B-00C04F79EFBC}") = "CursusAdministratie2021.Client.Infrastructure", "CursusAdministratie2021.Client.Infrastructure\CursusAdministratie2021.Client.Infrastructure.csproj", "{05B6E66C-B127-4224-ABC7-9205BF88244B}"
EndProject
Project("{FAE04EC0-301F-11D3-BF4B-00C04F79EFBC}") = "CursusAdministratie2021.Server.UnitTests", "CursusAdministratie2021.Server.UnitTests\CursusAdministratie2021.Server.UnitTests.csproj", "{8EAD4889-0EEA-4249-BAAC-2A9763CCC9B5}"
EndProject
Project("{FAE04EC0-301F-11D3-BF4B-00C04F79EFBC}") = "CursusAdministratie2021.Server.Infrastructure", "CursusAdministratie2021.Server.Infrastructure\CursusAdministratie2021.Server.Infrastructure.csproj", "{E549B526-5399-4107-A12E-37B878A912EF}"
EndProject
Project("{FAE04EC0-301F-11D3-BF4B-00C04F79EFBC}") = "CursusAdministratie2021.Server.Infrastructure.UnitTests", "CursusAdministratie2021.Server.Infrastructure.UnitTests\CursusAdministratie2021.Server.Infrastructure.UnitTests.csproj", "{EE018BEB-D7D0-46AF-AA90-A3320D8CCEB8}"
EndProject
Project("{FAE04EC0-301F-11D3-BF4B-00C04F79EFBC}") = "CursusAdministratie2021.Client.Core", "CursusAdministratie2021.Client.Core\CursusAdministratie2021.Client.Core.csproj", "{025C141E-E43F-41DF-BE7E-A3897A325D8A}"
EndProject
Project("{FAE04EC0-301F-11D3-BF4B-00C04F79EFBC}") = "CursusAdministratie2021.Server.Core", "CursusAdministratie2021.Server.Core\CursusAdministratie2021.Server.Core.csproj", "{D0B64123-BFCF-4B2C-B896-2D8FEC79A81A}"
EndProject
Project("{FAE04EC0-301F-11D3-BF4B-00C04F79EFBC}") = "CursusAdministratie2021.Server.Core.UnitTests", "CursusAdministratie2021.Server.Core.UnitTests\CursusAdministratie2021.Server.Core.UnitTests.csproj", "{885A654D-8837-4FEB-AB41-732670BC38C9}"
EndProject
Project("{FAE04EC0-301F-11D3-BF4B-00C04F79EFBC}") = "CursusAdministratie2021.Client.Core.UnitTests", "CursusAdministratie2021.Client.Core.UnitTests\CursusAdministratie2021.Client.Core.UnitTests.csproj", "{27942798-EDFD-4A7B-8BF8-E75B0BE25D91}"
EndProject
Global
	GlobalSection(SolutionConfigurationPlatforms) = preSolution
		Debug|Any CPU = Debug|Any CPU
		Debug|x64 = Debug|x64
		Debug|x86 = Debug|x86
		Release|Any CPU = Release|Any CPU
		Release|x64 = Release|x64
		Release|x86 = Release|x86
	EndGlobalSection
	GlobalSection(ProjectConfigurationPlatforms) = postSolution
		{ED75F1C9-3219-4040-862B-B5694B6961A5}.Debug|Any CPU.ActiveCfg = Debug|Any CPU
		{ED75F1C9-3219-4040-862B-B5694B6961A5}.Debug|Any CPU.Build.0 = Debug|Any CPU
		{ED75F1C9-3219-4040-862B-B5694B6961A5}.Debug|x64.ActiveCfg = Debug|Any CPU
		{ED75F1C9-3219-4040-862B-B5694B6961A5}.Debug|x64.Build.0 = Debug|Any CPU
		{ED75F1C9-3219-4040-862B-B5694B6961A5}.Debug|x86.ActiveCfg = Debug|Any CPU
		{ED75F1C9-3219-4040-862B-B5694B6961A5}.Debug|x86.Build.0 = Debug|Any CPU
		{ED75F1C9-3219-4040-862B-B5694B6961A5}.Release|Any CPU.ActiveCfg = Release|Any CPU
		{ED75F1C9-3219-4040-862B-B5694B6961A5}.Release|Any CPU.Build.0 = Release|Any CPU
		{ED75F1C9-3219-4040-862B-B5694B6961A5}.Release|x64.ActiveCfg = Release|Any CPU
		{ED75F1C9-3219-4040-862B-B5694B6961A5}.Release|x64.Build.0 = Release|Any CPU
		{ED75F1C9-3219-4040-862B-B5694B6961A5}.Release|x86.ActiveCfg = Release|Any CPU
		{ED75F1C9-3219-4040-862B-B5694B6961A5}.Release|x86.Build.0 = Release|Any CPU
		{680412CF-972E-489A-8007-7C6373E4D4AB}.Debug|Any CPU.ActiveCfg = Debug|Any CPU
		{680412CF-972E-489A-8007-7C6373E4D4AB}.Debug|Any CPU.Build.0 = Debug|Any CPU
		{680412CF-972E-489A-8007-7C6373E4D4AB}.Debug|x64.ActiveCfg = Debug|Any CPU
		{680412CF-972E-489A-8007-7C6373E4D4AB}.Debug|x64.Build.0 = Debug|Any CPU
		{680412CF-972E-489A-8007-7C6373E4D4AB}.Debug|x86.ActiveCfg = Debug|Any CPU
		{680412CF-972E-489A-8007-7C6373E4D4AB}.Debug|x86.Build.0 = Debug|Any CPU
		{680412CF-972E-489A-8007-7C6373E4D4AB}.Release|Any CPU.ActiveCfg = Release|Any CPU
		{680412CF-972E-489A-8007-7C6373E4D4AB}.Release|Any CPU.Build.0 = Release|Any CPU
		{680412CF-972E-489A-8007-7C6373E4D4AB}.Release|x64.ActiveCfg = Release|Any CPU
		{680412CF-972E-489A-8007-7C6373E4D4AB}.Release|x64.Build.0 = Release|Any CPU
		{680412CF-972E-489A-8007-7C6373E4D4AB}.Release|x86.ActiveCfg = Release|Any CPU
		{680412CF-972E-489A-8007-7C6373E4D4AB}.Release|x86.Build.0 = Release|Any CPU
		{CA596411-16B2-427D-8319-C163AAB41CC6}.Debug|Any CPU.ActiveCfg = Debug|Any CPU
		{CA596411-16B2-427D-8319-C163AAB41CC6}.Debug|Any CPU.Build.0 = Debug|Any CPU
		{CA596411-16B2-427D-8319-C163AAB41CC6}.Debug|x64.ActiveCfg = Debug|Any CPU
		{CA596411-16B2-427D-8319-C163AAB41CC6}.Debug|x64.Build.0 = Debug|Any CPU
		{CA596411-16B2-427D-8319-C163AAB41CC6}.Debug|x86.ActiveCfg = Debug|Any CPU
		{CA596411-16B2-427D-8319-C163AAB41CC6}.Debug|x86.Build.0 = Debug|Any CPU
		{CA596411-16B2-427D-8319-C163AAB41CC6}.Release|Any CPU.ActiveCfg = Release|Any CPU
		{CA596411-16B2-427D-8319-C163AAB41CC6}.Release|Any CPU.Build.0 = Release|Any CPU
		{CA596411-16B2-427D-8319-C163AAB41CC6}.Release|x64.ActiveCfg = Release|Any CPU
		{CA596411-16B2-427D-8319-C163AAB41CC6}.Release|x64.Build.0 = Release|Any CPU
		{CA596411-16B2-427D-8319-C163AAB41CC6}.Release|x86.ActiveCfg = Release|Any CPU
		{CA596411-16B2-427D-8319-C163AAB41CC6}.Release|x86.Build.0 = Release|Any CPU
		{5B4E7BCD-2E8E-4B4C-9FEE-4F086282143C}.Debug|Any CPU.ActiveCfg = Debug|Any CPU
		{5B4E7BCD-2E8E-4B4C-9FEE-4F086282143C}.Debug|Any CPU.Build.0 = Debug|Any CPU
		{5B4E7BCD-2E8E-4B4C-9FEE-4F086282143C}.Debug|x64.ActiveCfg = Debug|Any CPU
		{5B4E7BCD-2E8E-4B4C-9FEE-4F086282143C}.Debug|x64.Build.0 = Debug|Any CPU
		{5B4E7BCD-2E8E-4B4C-9FEE-4F086282143C}.Debug|x86.ActiveCfg = Debug|Any CPU
		{5B4E7BCD-2E8E-4B4C-9FEE-4F086282143C}.Debug|x86.Build.0 = Debug|Any CPU
		{5B4E7BCD-2E8E-4B4C-9FEE-4F086282143C}.Release|Any CPU.ActiveCfg = Release|Any CPU
		{5B4E7BCD-2E8E-4B4C-9FEE-4F086282143C}.Release|Any CPU.Build.0 = Release|Any CPU
		{5B4E7BCD-2E8E-4B4C-9FEE-4F086282143C}.Release|x64.ActiveCfg = Release|Any CPU
		{5B4E7BCD-2E8E-4B4C-9FEE-4F086282143C}.Release|x64.Build.0 = Release|Any CPU
		{5B4E7BCD-2E8E-4B4C-9FEE-4F086282143C}.Release|x86.ActiveCfg = Release|Any CPU
		{5B4E7BCD-2E8E-4B4C-9FEE-4F086282143C}.Release|x86.Build.0 = Release|Any CPU
		{D4606FA5-8BAC-4D8C-8E6B-A3A52D81B159}.Debug|Any CPU.ActiveCfg = Debug|Any CPU
		{D4606FA5-8BAC-4D8C-8E6B-A3A52D81B159}.Debug|Any CPU.Build.0 = Debug|Any CPU
		{D4606FA5-8BAC-4D8C-8E6B-A3A52D81B159}.Debug|x64.ActiveCfg = Debug|Any CPU
		{D4606FA5-8BAC-4D8C-8E6B-A3A52D81B159}.Debug|x64.Build.0 = Debug|Any CPU
		{D4606FA5-8BAC-4D8C-8E6B-A3A52D81B159}.Debug|x86.ActiveCfg = Debug|Any CPU
		{D4606FA5-8BAC-4D8C-8E6B-A3A52D81B159}.Debug|x86.Build.0 = Debug|Any CPU
		{D4606FA5-8BAC-4D8C-8E6B-A3A52D81B159}.Release|Any CPU.ActiveCfg = Release|Any CPU
		{D4606FA5-8BAC-4D8C-8E6B-A3A52D81B159}.Release|Any CPU.Build.0 = Release|Any CPU
		{D4606FA5-8BAC-4D8C-8E6B-A3A52D81B159}.Release|x64.ActiveCfg = Release|Any CPU
		{D4606FA5-8BAC-4D8C-8E6B-A3A52D81B159}.Release|x64.Build.0 = Release|Any CPU
		{D4606FA5-8BAC-4D8C-8E6B-A3A52D81B159}.Release|x86.ActiveCfg = Release|Any CPU
		{D4606FA5-8BAC-4D8C-8E6B-A3A52D81B159}.Release|x86.Build.0 = Release|Any CPU
		{05B6E66C-B127-4224-ABC7-9205BF88244B}.Debug|Any CPU.ActiveCfg = Debug|Any CPU
		{05B6E66C-B127-4224-ABC7-9205BF88244B}.Debug|Any CPU.Build.0 = Debug|Any CPU
		{05B6E66C-B127-4224-ABC7-9205BF88244B}.Debug|x64.ActiveCfg = Debug|Any CPU
		{05B6E66C-B127-4224-ABC7-9205BF88244B}.Debug|x64.Build.0 = Debug|Any CPU
		{05B6E66C-B127-4224-ABC7-9205BF88244B}.Debug|x86.ActiveCfg = Debug|Any CPU
		{05B6E66C-B127-4224-ABC7-9205BF88244B}.Debug|x86.Build.0 = Debug|Any CPU
		{05B6E66C-B127-4224-ABC7-9205BF88244B}.Release|Any CPU.ActiveCfg = Release|Any CPU
		{05B6E66C-B127-4224-ABC7-9205BF88244B}.Release|Any CPU.Build.0 = Release|Any CPU
		{05B6E66C-B127-4224-ABC7-9205BF88244B}.Release|x64.ActiveCfg = Release|Any CPU
		{05B6E66C-B127-4224-ABC7-9205BF88244B}.Release|x64.Build.0 = Release|Any CPU
		{05B6E66C-B127-4224-ABC7-9205BF88244B}.Release|x86.ActiveCfg = Release|Any CPU
		{05B6E66C-B127-4224-ABC7-9205BF88244B}.Release|x86.Build.0 = Release|Any CPU
		{8EAD4889-0EEA-4249-BAAC-2A9763CCC9B5}.Debug|Any CPU.ActiveCfg = Debug|Any CPU
		{8EAD4889-0EEA-4249-BAAC-2A9763CCC9B5}.Debug|Any CPU.Build.0 = Debug|Any CPU
		{8EAD4889-0EEA-4249-BAAC-2A9763CCC9B5}.Debug|x64.ActiveCfg = Debug|Any CPU
		{8EAD4889-0EEA-4249-BAAC-2A9763CCC9B5}.Debug|x64.Build.0 = Debug|Any CPU
		{8EAD4889-0EEA-4249-BAAC-2A9763CCC9B5}.Debug|x86.ActiveCfg = Debug|Any CPU
		{8EAD4889-0EEA-4249-BAAC-2A9763CCC9B5}.Debug|x86.Build.0 = Debug|Any CPU
		{8EAD4889-0EEA-4249-BAAC-2A9763CCC9B5}.Release|Any CPU.ActiveCfg = Release|Any CPU
		{8EAD4889-0EEA-4249-BAAC-2A9763CCC9B5}.Release|Any CPU.Build.0 = Release|Any CPU
		{8EAD4889-0EEA-4249-BAAC-2A9763CCC9B5}.Release|x64.ActiveCfg = Release|Any CPU
		{8EAD4889-0EEA-4249-BAAC-2A9763CCC9B5}.Release|x64.Build.0 = Release|Any CPU
		{8EAD4889-0EEA-4249-BAAC-2A9763CCC9B5}.Release|x86.ActiveCfg = Release|Any CPU
		{8EAD4889-0EEA-4249-BAAC-2A9763CCC9B5}.Release|x86.Build.0 = Release|Any CPU
		{E549B526-5399-4107-A12E-37B878A912EF}.Debug|Any CPU.ActiveCfg = Debug|Any CPU
		{E549B526-5399-4107-A12E-37B878A912EF}.Debug|Any CPU.Build.0 = Debug|Any CPU
		{E549B526-5399-4107-A12E-37B878A912EF}.Debug|x64.ActiveCfg = Debug|Any CPU
		{E549B526-5399-4107-A12E-37B878A912EF}.Debug|x64.Build.0 = Debug|Any CPU
		{E549B526-5399-4107-A12E-37B878A912EF}.Debug|x86.ActiveCfg = Debug|Any CPU
		{E549B526-5399-4107-A12E-37B878A912EF}.Debug|x86.Build.0 = Debug|Any CPU
		{E549B526-5399-4107-A12E-37B878A912EF}.Release|Any CPU.ActiveCfg = Release|Any CPU
		{E549B526-5399-4107-A12E-37B878A912EF}.Release|Any CPU.Build.0 = Release|Any CPU
		{E549B526-5399-4107-A12E-37B878A912EF}.Release|x64.ActiveCfg = Release|Any CPU
		{E549B526-5399-4107-A12E-37B878A912EF}.Release|x64.Build.0 = Release|Any CPU
		{E549B526-5399-4107-A12E-37B878A912EF}.Release|x86.ActiveCfg = Release|Any CPU
		{E549B526-5399-4107-A12E-37B878A912EF}.Release|x86.Build.0 = Release|Any CPU
		{EE018BEB-D7D0-46AF-AA90-A3320D8CCEB8}.Debug|Any CPU.ActiveCfg = Debug|Any CPU
		{EE018BEB-D7D0-46AF-AA90-A3320D8CCEB8}.Debug|Any CPU.Build.0 = Debug|Any CPU
		{EE018BEB-D7D0-46AF-AA90-A3320D8CCEB8}.Debug|x64.ActiveCfg = Debug|Any CPU
		{EE018BEB-D7D0-46AF-AA90-A3320D8CCEB8}.Debug|x64.Build.0 = Debug|Any CPU
		{EE018BEB-D7D0-46AF-AA90-A3320D8CCEB8}.Debug|x86.ActiveCfg = Debug|Any CPU
		{EE018BEB-D7D0-46AF-AA90-A3320D8CCEB8}.Debug|x86.Build.0 = Debug|Any CPU
		{EE018BEB-D7D0-46AF-AA90-A3320D8CCEB8}.Release|Any CPU.ActiveCfg = Release|Any CPU
		{EE018BEB-D7D0-46AF-AA90-A3320D8CCEB8}.Release|Any CPU.Build.0 = Release|Any CPU
		{EE018BEB-D7D0-46AF-AA90-A3320D8CCEB8}.Release|x64.ActiveCfg = Release|Any CPU
		{EE018BEB-D7D0-46AF-AA90-A3320D8CCEB8}.Release|x64.Build.0 = Release|Any CPU
		{EE018BEB-D7D0-46AF-AA90-A3320D8CCEB8}.Release|x86.ActiveCfg = Release|Any CPU
		{EE018BEB-D7D0-46AF-AA90-A3320D8CCEB8}.Release|x86.Build.0 = Release|Any CPU
		{025C141E-E43F-41DF-BE7E-A3897A325D8A}.Debug|Any CPU.ActiveCfg = Debug|Any CPU
		{025C141E-E43F-41DF-BE7E-A3897A325D8A}.Debug|Any CPU.Build.0 = Debug|Any CPU
		{025C141E-E43F-41DF-BE7E-A3897A325D8A}.Debug|x64.ActiveCfg = Debug|Any CPU
		{025C141E-E43F-41DF-BE7E-A3897A325D8A}.Debug|x64.Build.0 = Debug|Any CPU
		{025C141E-E43F-41DF-BE7E-A3897A325D8A}.Debug|x86.ActiveCfg = Debug|Any CPU
		{025C141E-E43F-41DF-BE7E-A3897A325D8A}.Debug|x86.Build.0 = Debug|Any CPU
		{025C141E-E43F-41DF-BE7E-A3897A325D8A}.Release|Any CPU.ActiveCfg = Release|Any CPU
		{025C141E-E43F-41DF-BE7E-A3897A325D8A}.Release|Any CPU.Build.0 = Release|Any CPU
		{025C141E-E43F-41DF-BE7E-A3897A325D8A}.Release|x64.ActiveCfg = Release|Any CPU
		{025C141E-E43F-41DF-BE7E-A3897A325D8A}.Release|x64.Build.0 = Release|Any CPU
		{025C141E-E43F-41DF-BE7E-A3897A325D8A}.Release|x86.ActiveCfg = Release|Any CPU
		{025C141E-E43F-41DF-BE7E-A3897A325D8A}.Release|x86.Build.0 = Release|Any CPU
		{D0B64123-BFCF-4B2C-B896-2D8FEC79A81A}.Debug|Any CPU.ActiveCfg = Debug|Any CPU
		{D0B64123-BFCF-4B2C-B896-2D8FEC79A81A}.Debug|Any CPU.Build.0 = Debug|Any CPU
		{D0B64123-BFCF-4B2C-B896-2D8FEC79A81A}.Debug|x64.ActiveCfg = Debug|Any CPU
		{D0B64123-BFCF-4B2C-B896-2D8FEC79A81A}.Debug|x64.Build.0 = Debug|Any CPU
		{D0B64123-BFCF-4B2C-B896-2D8FEC79A81A}.Debug|x86.ActiveCfg = Debug|Any CPU
		{D0B64123-BFCF-4B2C-B896-2D8FEC79A81A}.Debug|x86.Build.0 = Debug|Any CPU
		{D0B64123-BFCF-4B2C-B896-2D8FEC79A81A}.Release|Any CPU.ActiveCfg = Release|Any CPU
		{D0B64123-BFCF-4B2C-B896-2D8FEC79A81A}.Release|Any CPU.Build.0 = Release|Any CPU
		{D0B64123-BFCF-4B2C-B896-2D8FEC79A81A}.Release|x64.ActiveCfg = Release|Any CPU
		{D0B64123-BFCF-4B2C-B896-2D8FEC79A81A}.Release|x64.Build.0 = Release|Any CPU
		{D0B64123-BFCF-4B2C-B896-2D8FEC79A81A}.Release|x86.ActiveCfg = Release|Any CPU
		{D0B64123-BFCF-4B2C-B896-2D8FEC79A81A}.Release|x86.Build.0 = Release|Any CPU
		{885A654D-8837-4FEB-AB41-732670BC38C9}.Debug|Any CPU.ActiveCfg = Debug|Any CPU
		{885A654D-8837-4FEB-AB41-732670BC38C9}.Debug|Any CPU.Build.0 = Debug|Any CPU
		{885A654D-8837-4FEB-AB41-732670BC38C9}.Debug|x64.ActiveCfg = Debug|Any CPU
		{885A654D-8837-4FEB-AB41-732670BC38C9}.Debug|x64.Build.0 = Debug|Any CPU
		{885A654D-8837-4FEB-AB41-732670BC38C9}.Debug|x86.ActiveCfg = Debug|Any CPU
		{885A654D-8837-4FEB-AB41-732670BC38C9}.Debug|x86.Build.0 = Debug|Any CPU
		{885A654D-8837-4FEB-AB41-732670BC38C9}.Release|Any CPU.ActiveCfg = Release|Any CPU
		{885A654D-8837-4FEB-AB41-732670BC38C9}.Release|Any CPU.Build.0 = Release|Any CPU
		{885A654D-8837-4FEB-AB41-732670BC38C9}.Release|x64.ActiveCfg = Release|Any CPU
		{885A654D-8837-4FEB-AB41-732670BC38C9}.Release|x64.Build.0 = Release|Any CPU
		{885A654D-8837-4FEB-AB41-732670BC38C9}.Release|x86.ActiveCfg = Release|Any CPU
		{885A654D-8837-4FEB-AB41-732670BC38C9}.Release|x86.Build.0 = Release|Any CPU
		{27942798-EDFD-4A7B-8BF8-E75B0BE25D91}.Debug|Any CPU.ActiveCfg = Debug|Any CPU
		{27942798-EDFD-4A7B-8BF8-E75B0BE25D91}.Debug|Any CPU.Build.0 = Debug|Any CPU
		{27942798-EDFD-4A7B-8BF8-E75B0BE25D91}.Debug|x64.ActiveCfg = Debug|Any CPU
		{27942798-EDFD-4A7B-8BF8-E75B0BE25D91}.Debug|x64.Build.0 = Debug|Any CPU
		{27942798-EDFD-4A7B-8BF8-E75B0BE25D91}.Debug|x86.ActiveCfg = Debug|Any CPU
		{27942798-EDFD-4A7B-8BF8-E75B0BE25D91}.Debug|x86.Build.0 = Debug|Any CPU
		{27942798-EDFD-4A7B-8BF8-E75B0BE25D91}.Release|Any CPU.ActiveCfg = Release|Any CPU
		{27942798-EDFD-4A7B-8BF8-E75B0BE25D91}.Release|Any CPU.Build.0 = Release|Any CPU
		{27942798-EDFD-4A7B-8BF8-E75B0BE25D91}.Release|x64.ActiveCfg = Release|Any CPU
		{27942798-EDFD-4A7B-8BF8-E75B0BE25D91}.Release|x64.Build.0 = Release|Any CPU
		{27942798-EDFD-4A7B-8BF8-E75B0BE25D91}.Release|x86.ActiveCfg = Release|Any CPU
		{27942798-EDFD-4A7B-8BF8-E75B0BE25D91}.Release|x86.Build.0 = Release|Any CPU
	EndGlobalSection
	GlobalSection(SolutionProperties) = preSolution
		HideSolutionNode = FALSE
	EndGlobalSection
	GlobalSection(ExtensibilityGlobals) = postSolution
		SolutionGuid = {4D2974C1-D95E-423A-A5F8-C92E41CEB316}
	EndGlobalSection
EndGlobal
