Microsoft Visual Studio Solution File, Format Version 12.00
# Visual Studio Version 16
VisualStudioVersion = 16.0.0.0
MinimumVisualStudioVersion = 16.0.0.0
Project("{9A19103F-16F7-4668-BE54-9A1E7A4F7556}") = "CursusAdministratie2021.Server", "Server\CursusAdministratie2021.Server.csproj", "{ED75F1C9-3219-4040-862B-B5694B6961A5}"
EndProject
Project("{9A19103F-16F7-4668-BE54-9A1E7A4F7556}") = "CursusAdministratie2021.Client", "Client\CursusAdministratie2021.Client.csproj", "{680412CF-972E-489A-8007-7C6373E4D4AB}"
EndProject
Project("{9A19103F-16F7-4668-BE54-9A1E7A4F7556}") = "CursusAdministratie2021.Shared", "Shared\CursusAdministratie2021.Shared.csproj", "{CA596411-16B2-427D-8319-C163AAB41CC6}"
EndProject
Global
	GlobalSection(SolutionConfigurationPlatforms) = preSolution
		Debug|Any CPU = Debug|Any CPU
		Debug|x64 = Debug|x64
		Debug|x86 = Debug|x86
		Release|Any CPU = Release|Any CPU
		Release|x64 = Release|x64
		Release|x86 = Release|x86
	EndGlobalSection
	GlobalSection(ProjectConfigurationPlatforms) = postSolution
		{ED75F1C9-3219-4040-862B-B5694B6961A5}.Debug|Any CPU.ActiveCfg = Debug|Any CPU
		{ED75F1C9-3219-4040-862B-B5694B6961A5}.Debug|Any CPU.Build.0 = Debug|Any CPU
		{ED75F1C9-3219-4040-862B-B5694B6961A5}.Debug|x64.ActiveCfg = Debug|Any CPU
		{ED75F1C9-3219-4040-862B-B5694B6961A5}.Debug|x64.Build.0 = Debug|Any CPU
		{ED75F1C9-3219-4040-862B-B5694B6961A5}.Debug|x86.ActiveCfg = Debug|Any CPU
		{ED75F1C9-3219-4040-862B-B5694B6961A5}.Debug|x86.Build.0 = Debug|Any CPU
		{ED75F1C9-3219-4040-862B-B5694B6961A5}.Release|Any CPU.ActiveCfg = Release|Any CPU
		{ED75F1C9-3219-4040-862B-B5694B6961A5}.Release|Any CPU.Build.0 = Release|Any CPU
		{ED75F1C9-3219-4040-862B-B5694B6961A5}.Release|x64.ActiveCfg = Release|Any CPU
		{ED75F1C9-3219-4040-862B-B5694B6961A5}.Release|x64.Build.0 = Release|Any CPU
		{ED75F1C9-3219-4040-862B-B5694B6961A5}.Release|x86.ActiveCfg = Release|Any CPU
		{ED75F1C9-3219-4040-862B-B5694B6961A5}.Release|x86.Build.0 = Release|Any CPU
		{680412CF-972E-489A-8007-7C6373E4D4AB}.Debug|Any CPU.ActiveCfg = Debug|Any CPU
		{680412CF-972E-489A-8007-7C6373E4D4AB}.Debug|Any CPU.Build.0 = Debug|Any CPU
		{680412CF-972E-489A-8007-7C6373E4D4AB}.Debug|x64.ActiveCfg = Debug|Any CPU
		{680412CF-972E-489A-8007-7C6373E4D4AB}.Debug|x64.Build.0 = Debug|Any CPU
		{680412CF-972E-489A-8007-7C6373E4D4AB}.Debug|x86.ActiveCfg = Debug|Any CPU
		{680412CF-972E-489A-8007-7C6373E4D4AB}.Debug|x86.Build.0 = Debug|Any CPU
		{680412CF-972E-489A-8007-7C6373E4D4AB}.Release|Any CPU.ActiveCfg = Release|Any CPU
		{680412CF-972E-489A-8007-7C6373E4D4AB}.Release|Any CPU.Build.0 = Release|Any CPU
		{680412CF-972E-489A-8007-7C6373E4D4AB}.Release|x64.ActiveCfg = Release|Any CPU
		{680412CF-972E-489A-8007-7C6373E4D4AB}.Release|x64.Build.0 = Release|Any CPU
		{680412CF-972E-489A-8007-7C6373E4D4AB}.Release|x86.ActiveCfg = Release|Any CPU
		{680412CF-972E-489A-8007-7C6373E4D4AB}.Release|x86.Build.0 = Release|Any CPU
		{CA596411-16B2-427D-8319-C163AAB41CC6}.Debug|Any CPU.ActiveCfg = Debug|Any CPU
		{CA596411-16B2-427D-8319-C163AAB41CC6}.Debug|Any CPU.Build.0 = Debug|Any CPU
		{CA596411-16B2-427D-8319-C163AAB41CC6}.Debug|x64.ActiveCfg = Debug|Any CPU
		{CA596411-16B2-427D-8319-C163AAB41CC6}.Debug|x64.Build.0 = Debug|Any CPU
		{CA596411-16B2-427D-8319-C163AAB41CC6}.Debug|x86.ActiveCfg = Debug|Any CPU
		{CA596411-16B2-427D-8319-C163AAB41CC6}.Debug|x86.Build.0 = Debug|Any CPU
		{CA596411-16B2-427D-8319-C163AAB41CC6}.Release|Any CPU.ActiveCfg = Release|Any CPU
		{CA596411-16B2-427D-8319-C163AAB41CC6}.Release|Any CPU.Build.0 = Release|Any CPU
		{CA596411-16B2-427D-8319-C163AAB41CC6}.Release|x64.ActiveCfg = Release|Any CPU
		{CA596411-16B2-427D-8319-C163AAB41CC6}.Release|x64.Build.0 = Release|Any CPU
		{CA596411-16B2-427D-8319-C163AAB41CC6}.Release|x86.ActiveCfg = Release|Any CPU
		{CA596411-16B2-427D-8319-C163AAB41CC6}.Release|x86.Build.0 = Release|Any CPU
	EndGlobalSection
	GlobalSection(SolutionProperties) = preSolution
		HideSolutionNode = FALSE
	EndGlobalSection
	GlobalSection(ExtensibilityGlobals) = postSolution
		SolutionGuid = {4D2974C1-D95E-423A-A5F8-C92E41CEB316}
	EndGlobalSection
EndGlobal
